
Microsoft Visual Studio Solution File, Format Version 12.00
# Visual Studio Version 17
VisualStudioVersion = 17.5.33530.505
MinimumVisualStudioVersion = 10.0.40219.1
Project("{9A19103F-16F7-4668-BE54-9A1E7A4F7556}") = "ServiceRadar.MVC", "ServiceRadar.MVC\ServiceRadar.MVC.csproj", "{C24D81CF-0758-4D26-A453-32DB76776AE7}"
EndProject
Project("{9A19103F-16F7-4668-BE54-9A1E7A4F7556}") = "ServiceRadar.Domain", "ServiceRadar.Domain\ServiceRadar.Domain.csproj", "{B71CDDAD-4ABB-4AFC-92C2-85848D5559B6}"
EndProject
Project("{9A19103F-16F7-4668-BE54-9A1E7A4F7556}") = "ServiceRadar.Application", "ServiceRadar.Application\ServiceRadar.Application.csproj", "{38DE8472-2460-4E27-B071-8462178E30B3}"
EndProject
Project("{9A19103F-16F7-4668-BE54-9A1E7A4F7556}") = "ServiceRadar.Infrastructure", "ServiceRadar.Infrastructure\ServiceRadar.Infrastructure.csproj", "{FCD4C61B-9F8E-4E8F-82DB-08F93DB499C7}"
EndProject
Project("{9A19103F-16F7-4668-BE54-9A1E7A4F7556}") = "ServiceRadar.Domain.Tests", "ServiceRadar.Domain.Tests\ServiceRadar.Domain.Tests.csproj", "{F78E86C0-24F1-42C1-B41A-C0D62AC96753}"
EndProject
Project("{9A19103F-16F7-4668-BE54-9A1E7A4F7556}") = "ServiceRadar.Application.Tests", "ServiceRadar.Application.Tests\ServiceRadar.Application.Tests.csproj", "{04434CD3-AF1C-4CA5-B72D-F5B919D2AC07}"
EndProject
Project("{2150E333-8FDC-42A3-9474-1A3956D46DE8}") = "tests", "tests", "{66F0AA42-9380-4179-B97E-C99839E67090}"
EndProject
Project("{FAE04EC0-301F-11D3-BF4B-00C04F79EFBC}") = "ServiceRadar.MVC.Tests", "ServiceRadar.MVC.Tests\ServiceRadar.MVC.Tests.csproj", "{10978A01-5A68-4BA7-BE7F-61C46CDF26EC}"
EndProject
Global
	GlobalSection(SolutionConfigurationPlatforms) = preSolution
		Debug|Any CPU = Debug|Any CPU
		Release|Any CPU = Release|Any CPU
	EndGlobalSection
	GlobalSection(ProjectConfigurationPlatforms) = postSolution
		{C24D81CF-0758-4D26-A453-32DB76776AE7}.Debug|Any CPU.ActiveCfg = Debug|Any CPU
		{C24D81CF-0758-4D26-A453-32DB76776AE7}.Debug|Any CPU.Build.0 = Debug|Any CPU
		{C24D81CF-0758-4D26-A453-32DB76776AE7}.Release|Any CPU.ActiveCfg = Release|Any CPU
		{C24D81CF-0758-4D26-A453-32DB76776AE7}.Release|Any CPU.Build.0 = Release|Any CPU
		{B71CDDAD-4ABB-4AFC-92C2-85848D5559B6}.Debug|Any CPU.ActiveCfg = Debug|Any CPU
		{B71CDDAD-4ABB-4AFC-92C2-85848D5559B6}.Debug|Any CPU.Build.0 = Debug|Any CPU
		{B71CDDAD-4ABB-4AFC-92C2-85848D5559B6}.Release|Any CPU.ActiveCfg = Release|Any CPU
		{B71CDDAD-4ABB-4AFC-92C2-85848D5559B6}.Release|Any CPU.Build.0 = Release|Any CPU
		{38DE8472-2460-4E27-B071-8462178E30B3}.Debug|Any CPU.ActiveCfg = Debug|Any CPU
		{38DE8472-2460-4E27-B071-8462178E30B3}.Debug|Any CPU.Build.0 = Debug|Any CPU
		{38DE8472-2460-4E27-B071-8462178E30B3}.Release|Any CPU.ActiveCfg = Release|Any CPU
		{38DE8472-2460-4E27-B071-8462178E30B3}.Release|Any CPU.Build.0 = Release|Any CPU
		{FCD4C61B-9F8E-4E8F-82DB-08F93DB499C7}.Debug|Any CPU.ActiveCfg = Debug|Any CPU
		{FCD4C61B-9F8E-4E8F-82DB-08F93DB499C7}.Debug|Any CPU.Build.0 = Debug|Any CPU
		{FCD4C61B-9F8E-4E8F-82DB-08F93DB499C7}.Release|Any CPU.ActiveCfg = Release|Any CPU
		{FCD4C61B-9F8E-4E8F-82DB-08F93DB499C7}.Release|Any CPU.Build.0 = Release|Any CPU
		{F78E86C0-24F1-42C1-B41A-C0D62AC96753}.Debug|Any CPU.ActiveCfg = Debug|Any CPU
		{F78E86C0-24F1-42C1-B41A-C0D62AC96753}.Debug|Any CPU.Build.0 = Debug|Any CPU
		{F78E86C0-24F1-42C1-B41A-C0D62AC96753}.Release|Any CPU.ActiveCfg = Release|Any CPU
		{F78E86C0-24F1-42C1-B41A-C0D62AC96753}.Release|Any CPU.Build.0 = Release|Any CPU
		{04434CD3-AF1C-4CA5-B72D-F5B919D2AC07}.Debug|Any CPU.ActiveCfg = Debug|Any CPU
		{04434CD3-AF1C-4CA5-B72D-F5B919D2AC07}.Debug|Any CPU.Build.0 = Debug|Any CPU
		{04434CD3-AF1C-4CA5-B72D-F5B919D2AC07}.Release|Any CPU.ActiveCfg = Release|Any CPU
		{04434CD3-AF1C-4CA5-B72D-F5B919D2AC07}.Release|Any CPU.Build.0 = Release|Any CPU
		{10978A01-5A68-4BA7-BE7F-61C46CDF26EC}.Debug|Any CPU.ActiveCfg = Debug|Any CPU
		{10978A01-5A68-4BA7-BE7F-61C46CDF26EC}.Debug|Any CPU.Build.0 = Debug|Any CPU
		{10978A01-5A68-4BA7-BE7F-61C46CDF26EC}.Release|Any CPU.ActiveCfg = Release|Any CPU
		{10978A01-5A68-4BA7-BE7F-61C46CDF26EC}.Release|Any CPU.Build.0 = Release|Any CPU
	EndGlobalSection
	GlobalSection(SolutionProperties) = preSolution
		HideSolutionNode = FALSE
	EndGlobalSection
	GlobalSection(NestedProjects) = preSolution
		{F78E86C0-24F1-42C1-B41A-C0D62AC96753} = {66F0AA42-9380-4179-B97E-C99839E67090}
		{04434CD3-AF1C-4CA5-B72D-F5B919D2AC07} = {66F0AA42-9380-4179-B97E-C99839E67090}
		{10978A01-5A68-4BA7-BE7F-61C46CDF26EC} = {66F0AA42-9380-4179-B97E-C99839E67090}
	EndGlobalSection
	GlobalSection(ExtensibilityGlobals) = postSolution
		SolutionGuid = {61022D71-E662-4EE7-A680-6C28CB8CAA3C}
	EndGlobalSection
EndGlobal
